PODS:
  - Alamofire (3.4.2)
  - AlamofireObjectMapper (3.0.2):
    - Alamofire (~> 3.2)
    - ObjectMapper (~> 1.0)
  - ObjectMapper (1.3.0)
  - R.swift (0.13.0)
  - SlideOutMenu (0.1.2)
  - Swinject (1.1.5)

DEPENDENCIES:
  - Alamofire (~> 3.4.1)
  - AlamofireObjectMapper (~> 3.0)
  - ObjectMapper (~> 1.3.0)
  - R.swift (~> 0.13.0)
  - SlideOutMenu
  - Swinject (~> 1.1.0)

SPEC CHECKSUMS:
  Alamofire: 6aa33201d20d069e1598891cf928883ff1888c7a
  AlamofireObjectMapper: 70f97cbf45c01c48d26aa07a1a7059a60ed7411d
  ObjectMapper: 4eb08a726e9791a93b2632049951b56a7c17e471
  R.swift: 07e0796d2b4d50b875eb7de9bd8e6193e15c6434
  SlideOutMenu: b16a7202deddd632ae46141c4ed5ba54c5017110
  Swinject: 49b2b23850829e0a6074681264dcb1aa64c0dbca

PODFILE CHECKSUM: 486de57dc74358f35b65c18a1c1b564a5aa6f3b7

COCOAPODS: 1.0.1
